
Microsoft Visual Studio Solution File, Format Version 12.00
# Visual Studio Version 17
VisualStudioVersion = 17.4.33213.308
MinimumVisualStudioVersion = 10.0.40219.1
Project("{FAE04EC0-301F-11D3-BF4B-00C04F79EFBC}") = "RazorPagesMovie", "RazorPagesMovie\RazorPagesMovie.csproj", "{2B08A52B-1CED-4C49-85DB-47F5F46AB76A}"
EndProject
Global
	GlobalSection(SolutionConfigurationPlatforms) = preSolution
		Debug|Any CPU = Debug|Any CPU
		Release|Any CPU = Release|Any CPU
	EndGlobalSection
	GlobalSection(ProjectConfigurationPlatforms) = postSolution
		{2B08A52B-1CED-4C49-85DB-47F5F46AB76A}.Debug|Any CPU.ActiveCfg = Debug|Any CPU
		{2B08A52B-1CED-4C49-85DB-47F5F46AB76A}.Debug|Any CPU.Build.0 = Debug|Any CPU
		{2B08A52B-1CED-4C49-85DB-47F5F46AB76A}.Release|Any CPU.ActiveCfg = Release|Any CPU
		{2B08A52B-1CED-4C49-85DB-47F5F46AB76A}.Release|Any CPU.Build.0 = Release|Any CPU
	EndGlobalSection
	GlobalSection(SolutionProperties) = preSolution
		HideSolutionNode = FALSE
	EndGlobalSection
	GlobalSection(ExtensibilityGlobals) = postSolution
		SolutionGuid = {7E8BF6C6-F94C-4A2E-A37D-8ECE059D208D}
	EndGlobalSection
EndGlobal
